// !$*UTF8*$!
{
	archiveVersion = 1;
	classes = {
	};
	objectVersion = 55;
	objects = {

/* Begin PBXBuildFile section */
		9B71ABE428CA2E3A005ED247 /* AppDelegate.swift in Sources */ = {isa = PBXBuildFile; fileRef = 9B71ABE328CA2E3A005ED247 /* AppDelegate.swift */; };
		9B71ABE628CA2E3A005ED247 /* SceneDelegate.swift in Sources */ = {isa = PBXBuildFile; fileRef = 9B71ABE528CA2E3A005ED247 /* SceneDelegate.swift */; };
		9B71ABE828CA2E3A005ED247 /* ViewController.swift in Sources */ = {isa = PBXBuildFile; fileRef = 9B71ABE728CA2E3A005ED247 /* ViewController.swift */; };
		9B71ABEB28CA2E3A005ED247 /* Main.storyboard in Resources */ = {isa = PBXBuildFile; fileRef = 9B71ABE928CA2E3A005ED247 /* Main.storyboard */; };
		9B71ABED28CA2E3E005ED247 /* Assets.xcassets in Resources */ = {isa = PBXBuildFile; fileRef = 9B71ABEC28CA2E3E005ED247 /* Assets.xcassets */; };
		9B71ABF028CA2E3E005ED247 /* LaunchScreen.storyboard in Resources */ = {isa = PBXBuildFile; fileRef = 9B71ABEE28CA2E3E005ED247 /* LaunchScreen.storyboard */; };
		9B71ABFB28CA2E3E005ED247 /* AcornDemoTests.swift in Sources */ = {isa = PBXBuildFile; fileRef = 9B71ABFA28CA2E3E005ED247 /* AcornDemoTests.swift */; };
		9B71AC0528CA2E3E005ED247 /* AcornDemoUITests.swift in Sources */ = {isa = PBXBuildFile; fileRef = 9B71AC0428CA2E3E005ED247 /* AcornDemoUITests.swift */; };
		9B71AC0728CA2E3E005ED247 /* AcornDemoUITestsLaunchTests.swift in Sources */ = {isa = PBXBuildFile; fileRef = 9B71AC0628CA2E3E005ED247 /* AcornDemoUITestsLaunchTests.swift */; };
		9B71AC3C28CA30F2005ED247 /* Acorn.framework in Frameworks */ = {isa = PBXBuildFile; fileRef = 9B71AC3B28CA30F2005ED247 /* Acorn.framework */; };
		9B71AC3D28CA30F2005ED247 /* Acorn.framework in Embed Frameworks */ = {isa = PBXBuildFile; fileRef = 9B71AC3B28CA30F2005ED247 /* Acorn.framework */; settings = {ATTRIBUTES = (CodeSignOnCopy, RemoveHeadersOnCopy, ); }; };
/* End PBXBuildFile section */

/* Begin PBXContainerItemProxy section */
		9B71ABF728CA2E3E005ED247 /* PBXContainerItemProxy */ = {
			isa = PBXContainerItemProxy;
			containerPortal = 9B71ABD828CA2E3A005ED247 /* Project object */;
			proxyType = 1;
			remoteGlobalIDString = 9B71ABDF28CA2E3A005ED247;
			remoteInfo = AcornDemo;
		};
		9B71AC0128CA2E3E005ED247 /* PBXContainerItemProxy */ = {
			isa = PBXContainerItemProxy;
			containerPortal = 9B71ABD828CA2E3A005ED247 /* Project object */;
			proxyType = 1;
			remoteGlobalIDString = 9B71ABDF28CA2E3A005ED247;
			remoteInfo = AcornDemo;
		};
/* End PBXContainerItemProxy section */

/* Begin PBXCopyFilesBuildPhase section */
		9B71AC3E28CA30F2005ED247 /* Embed Frameworks */ = {
			isa = PBXCopyFilesBuildPhase;
			buildActionMask = 2147483647;
			dstPath = "";
			dstSubfolderSpec = 10;
			files = (
				9B71AC3D28CA30F2005ED247 /* Acorn.framework in Embed Frameworks */,
			);
			name = "Embed Frameworks";
			runOnlyForDeploymentPostprocessing = 0;
		};
/* End PBXCopyFilesBuildPhase section */

/* Begin PBXFileReference section */
		9B71ABE028CA2E3A005ED247 /* AcornDemo.app */ = {isa = PBXFileReference; explicitFileType = wrapper.application; includeInIndex = 0; path = AcornDemo.app; sourceTree = BUILT_PRODUCTS_DIR; };
		9B71ABE328CA2E3A005ED247 /* AppDelegate.swift */ = {isa = PBXFileReference; lastKnownFileType = sourcecode.swift; path = AppDelegate.swift; sourceTree = "<group>"; };
		9B71ABE528CA2E3A005ED247 /* SceneDelegate.swift */ = {isa = PBXFileReference; lastKnownFileType = sourcecode.swift; path = SceneDelegate.swift; sourceTree = "<group>"; };
		9B71ABE728CA2E3A005ED247 /* ViewController.swift */ = {isa = PBXFileReference; lastKnownFileType = sourcecode.swift; path = ViewController.swift; sourceTree = "<group>"; };
		9B71ABEA28CA2E3A005ED247 /* Base */ = {isa = PBXFileReference; lastKnownFileType = file.storyboard; name = Base; path = Base.lproj/Main.storyboard; sourceTree = "<group>"; };
		9B71ABEC28CA2E3E005ED247 /* Assets.xcassets */ = {isa = PBXFileReference; lastKnownFileType = folder.assetcatalog; path = Assets.xcassets; sourceTree = "<group>"; };
		9B71ABEF28CA2E3E005ED247 /* Base */ = {isa = PBXFileReference; lastKnownFileType = file.storyboard; name = Base; path = Base.lproj/LaunchScreen.storyboard; sourceTree = "<group>"; };
		9B71ABF128CA2E3E005ED247 /* Info.plist */ = {isa = PBXFileReference; lastKnownFileType = text.plist.xml; path = Info.plist; sourceTree = "<group>"; };
		9B71ABF628CA2E3E005ED247 /* AcornDemoTests.xctest */ = {isa = PBXFileReference; explicitFileType = wrapper.cfbundle; includeInIndex = 0; path = AcornDemoTests.xctest; sourceTree = BUILT_PRODUCTS_DIR; };
		9B71ABFA28CA2E3E005ED247 /* AcornDemoTests.swift */ = {isa = PBXFileReference; lastKnownFileType = sourcecode.swift; path = AcornDemoTests.swift; sourceTree = "<group>"; };
		9B71AC0028CA2E3E005ED247 /* AcornDemoUITests.xctest */ = {isa = PBXFileReference; explicitFileType = wrapper.cfbundle; includeInIndex = 0; path = AcornDemoUITests.xctest; sourceTree = BUILT_PRODUCTS_DIR; };
		9B71AC0428CA2E3E005ED247 /* AcornDemoUITests.swift */ = {isa = PBXFileReference; lastKnownFileType = sourcecode.swift; path = AcornDemoUITests.swift; sourceTree = "<group>"; };
		9B71AC0628CA2E3E005ED247 /* AcornDemoUITestsLaunchTests.swift */ = {isa = PBXFileReference; lastKnownFileType = sourcecode.swift; path = AcornDemoUITestsLaunchTests.swift; sourceTree = "<group>"; };
		9B71AC3B28CA30F2005ED247 /* Acorn.framework */ = {isa = PBXFileReference; explicitFileType = wrapper.framework; path = Acorn.framework; sourceTree = BUILT_PRODUCTS_DIR; };
/* End PBXFileReference section */

/* Begin PBXFrameworksBuildPhase section */
		9B71ABDD28CA2E3A005ED247 /* Frameworks */ = {
			isa = PBXFrameworksBuildPhase;
			buildActionMask = 2147483647;
			files = (
				9B71AC3C28CA30F2005ED247 /* Acorn.framework in Frameworks */,
			);
			runOnlyForDeploymentPostprocessing = 0;
		};
		9B71ABF328CA2E3E005ED247 /* Frameworks */ = {
			isa = PBXFrameworksBuildPhase;
			buildActionMask = 2147483647;
			files = (
			);
			runOnlyForDeploymentPostprocessing = 0;
		};
		9B71ABFD28CA2E3E005ED247 /* Frameworks */ = {
			isa = PBXFrameworksBuildPhase;
			buildActionMask = 2147483647;
			files = (
			);
			runOnlyForDeploymentPostprocessing = 0;
		};
/* End PBXFrameworksBuildPhase section */

/* Begin PBXGroup section */
		9B71ABD728CA2E3A005ED247 = {
			isa = PBXGroup;
			children = (
				9B71ABE228CA2E3A005ED247 /* AcornDemo */,
				9B71ABF928CA2E3E005ED247 /* AcornDemoTests */,
				9B71AC0328CA2E3E005ED247 /* AcornDemoUITests */,
				9B71ABE128CA2E3A005ED247 /* Products */,
				9B71AC3A28CA30F2005ED247 /* Frameworks */,
			);
			sourceTree = "<group>";
		};
		9B71ABE128CA2E3A005ED247 /* Products */ = {
			isa = PBXGroup;
			children = (
				9B71ABE028CA2E3A005ED247 /* AcornDemo.app */,
				9B71ABF628CA2E3E005ED247 /* AcornDemoTests.xctest */,
				9B71AC0028CA2E3E005ED247 /* AcornDemoUITests.xctest */,
			);
			name = Products;
			sourceTree = "<group>";
		};
		9B71ABE228CA2E3A005ED247 /* AcornDemo */ = {
			isa = PBXGroup;
			children = (
				9B71ABE328CA2E3A005ED247 /* AppDelegate.swift */,
				9B71ABE528CA2E3A005ED247 /* SceneDelegate.swift */,
				9B71ABE728CA2E3A005ED247 /* ViewController.swift */,
				9B71ABE928CA2E3A005ED247 /* Main.storyboard */,
				9B71ABEC28CA2E3E005ED247 /* Assets.xcassets */,
				9B71ABEE28CA2E3E005ED247 /* LaunchScreen.storyboard */,
				9B71ABF128CA2E3E005ED247 /* Info.plist */,
			);
			path = AcornDemo;
			sourceTree = "<group>";
		};
		9B71ABF928CA2E3E005ED247 /* AcornDemoTests */ = {
			isa = PBXGroup;
			children = (
				9B71ABFA28CA2E3E005ED247 /* AcornDemoTests.swift */,
			);
			path = AcornDemoTests;
			sourceTree = "<group>";
		};
		9B71AC0328CA2E3E005ED247 /* AcornDemoUITests */ = {
			isa = PBXGroup;
			children = (
				9B71AC0428CA2E3E005ED247 /* AcornDemoUITests.swift */,
				9B71AC0628CA2E3E005ED247 /* AcornDemoUITestsLaunchTests.swift */,
			);
			path = AcornDemoUITests;
			sourceTree = "<group>";
		};
		9B71AC3A28CA30F2005ED247 /* Frameworks */ = {
			isa = PBXGroup;
			children = (
				9B71AC3B28CA30F2005ED247 /* Acorn.framework */,
			);
			name = Frameworks;
			sourceTree = "<group>";
		};
/* End PBXGroup section */

/* Begin PBXNativeTarget section */
		9B71ABDF28CA2E3A005ED247 /* AcornDemo */ = {
			isa = PBXNativeTarget;
			buildConfigurationList = 9B71AC0A28CA2E3E005ED247 /* Build configuration list for PBXNativeTarget "AcornDemo" */;
			buildPhases = (
				9B71ABDC28CA2E3A005ED247 /* Sources */,
				9B71ABDD28CA2E3A005ED247 /* Frameworks */,
				9B71ABDE28CA2E3A005ED247 /* Resources */,
				9B71AC3E28CA30F2005ED247 /* Embed Frameworks */,
			);
			buildRules = (
			);
			dependencies = (
			);
			name = AcornDemo;
			productName = AcornDemo;
			productReference = 9B71ABE028CA2E3A005ED247 /* AcornDemo.app */;
			productType = "com.apple.product-type.application";
		};
		9B71ABF528CA2E3E005ED247 /* AcornDemoTests */ = {
			isa = PBXNativeTarget;
			buildConfigurationList = 9B71AC0D28CA2E3E005ED247 /* Build configuration list for PBXNativeTarget "AcornDemoTests" */;
			buildPhases = (
				9B71ABF228CA2E3E005ED247 /* Sources */,
				9B71ABF328CA2E3E005ED247 /* Frameworks */,
				9B71ABF428CA2E3E005ED247 /* Resources */,
			);
			buildRules = (
			);
			dependencies = (
				9B71ABF828CA2E3E005ED247 /* PBXTargetDependency */,
			);
			name = AcornDemoTests;
			productName = AcornDemoTests;
			productReference = 9B71ABF628CA2E3E005ED247 /* AcornDemoTests.xctest */;
			productType = "com.apple.product-type.bundle.unit-test";
		};
		9B71ABFF28CA2E3E005ED247 /* AcornDemoUITests */ = {
			isa = PBXNativeTarget;
			buildConfigurationList = 9B71AC1028CA2E3E005ED247 /* Build configuration list for PBXNativeTarget "AcornDemoUITests" */;
			buildPhases = (
				9B71ABFC28CA2E3E005ED247 /* Sources */,
				9B71ABFD28CA2E3E005ED247 /* Frameworks */,
				9B71ABFE28CA2E3E005ED247 /* Resources */,
			);
			buildRules = (
			);
			dependencies = (
				9B71AC0228CA2E3E005ED247 /* PBXTargetDependency */,
			);
			name = AcornDemoUITests;
			productName = AcornDemoUITests;
			productReference = 9B71AC0028CA2E3E005ED247 /* AcornDemoUITests.xctest */;
			productType = "com.apple.product-type.bundle.ui-testing";
		};
/* End PBXNativeTarget section */

/* Begin PBXProject section */
		9B71ABD828CA2E3A005ED247 /* Project object */ = {
			isa = PBXProject;
			attributes = {
				BuildIndependentTargetsInParallel = 1;
				LastSwiftUpdateCheck = 1300;
				LastUpgradeCheck = 1300;
				TargetAttributes = {
					9B71ABDF28CA2E3A005ED247 = {
						CreatedOnToolsVersion = 13.0;
					};
					9B71ABF528CA2E3E005ED247 = {
						CreatedOnToolsVersion = 13.0;
						TestTargetID = 9B71ABDF28CA2E3A005ED247;
					};
					9B71ABFF28CA2E3E005ED247 = {
						CreatedOnToolsVersion = 13.0;
						TestTargetID = 9B71ABDF28CA2E3A005ED247;
					};
				};
			};
			buildConfigurationList = 9B71ABDB28CA2E3A005ED247 /* Build configuration list for PBXProject "AcornDemo" */;
			compatibilityVersion = "Xcode 13.0";
			developmentRegion = en;
			hasScannedForEncodings = 0;
			knownRegions = (
				en,
				Base,
			);
			mainGroup = 9B71ABD728CA2E3A005ED247;
			productRefGroup = 9B71ABE128CA2E3A005ED247 /* Products */;
			projectDirPath = "";
			projectRoot = "";
			targets = (
				9B71ABDF28CA2E3A005ED247 /* AcornDemo */,
				9B71ABF528CA2E3E005ED247 /* AcornDemoTests */,
				9B71ABFF28CA2E3E005ED247 /* AcornDemoUITests */,
			);
		};
/* End PBXProject section */

/* Begin PBXResourcesBuildPhase section */
		9B71ABDE28CA2E3A005ED247 /* Resources */ = {
			isa = PBXResourcesBuildPhase;
			buildActionMask = 2147483647;
			files = (
				9B71ABF028CA2E3E005ED247 /* LaunchScreen.storyboard in Resources */,
				9B71ABED28CA2E3E005ED247 /* Assets.xcassets in Resources */,
				9B71ABEB28CA2E3A005ED247 /* Main.storyboard in Resources */,
			);
			runOnlyForDeploymentPostprocessing = 0;
		};
		9B71ABF428CA2E3E005ED247 /* Resources */ = {
			isa = PBXResourcesBuildPhase;
			buildActionMask = 2147483647;
			files = (
			);
			runOnlyForDeploymentPostprocessing = 0;
		};
		9B71ABFE28CA2E3E005ED247 /* Resources */ = {
			isa = PBXResourcesBuildPhase;
			buildActionMask = 2147483647;
			files = (
			);
			runOnlyForDeploymentPostprocessing = 0;
		};
/* End PBXResourcesBuildPhase section */

/* Begin PBXSourcesBuildPhase section */
		9B71ABDC28CA2E3A005ED247 /* Sources */ = {
			isa = PBXSourcesBuildPhase;
			buildActionMask = 2147483647;
			files = (
				9B71ABE828CA2E3A005ED247 /* ViewController.swift in Sources */,
				9B71ABE428CA2E3A005ED247 /* AppDelegate.swift in Sources */,
				9B71ABE628CA2E3A005ED247 /* SceneDelegate.swift in Sources */,
			);
			runOnlyForDeploymentPostprocessing = 0;
		};
		9B71ABF228CA2E3E005ED247 /* Sources */ = {
			isa = PBXSourcesBuildPhase;
			buildActionMask = 2147483647;
			files = (
				9B71ABFB28CA2E3E005ED247 /* AcornDemoTests.swift in Sources */,
			);
			runOnlyForDeploymentPostprocessing = 0;
		};
		9B71ABFC28CA2E3E005ED247 /* Sources */ = {
			isa = PBXSourcesBuildPhase;
			buildActionMask = 2147483647;
			files = (
				9B71AC0528CA2E3E005ED247 /* AcornDemoUITests.swift in Sources */,
				9B71AC0728CA2E3E005ED247 /* AcornDemoUITestsLaunchTests.swift in Sources */,
			);
			runOnlyForDeploymentPostprocessing = 0;
		};
/* End PBXSourcesBuildPhase section */

/* Begin PBXTargetDependency section */
		9B71ABF828CA2E3E005ED247 /* PBXTargetDependency */ = {
			isa = PBXTargetDependency;
			target = 9B71ABDF28CA2E3A005ED247 /* AcornDemo */;
			targetProxy = 9B71ABF728CA2E3E005ED247 /* PBXContainerItemProxy */;
		};
		9B71AC0228CA2E3E005ED247 /* PBXTargetDependency */ = {
			isa = PBXTargetDependency;
			target = 9B71ABDF28CA2E3A005ED247 /* AcornDemo */;
			targetProxy = 9B71AC0128CA2E3E005ED247 /* PBXContainerItemProxy */;
		};
/* End PBXTargetDependency section */

/* Begin PBXVariantGroup section */
		9B71ABE928CA2E3A005ED247 /* Main.storyboard */ = {
			isa = PBXVariantGroup;
			children = (
				9B71ABEA28CA2E3A005ED247 /* Base */,
			);
			name = Main.storyboard;
			sourceTree = "<group>";
		};
		9B71ABEE28CA2E3E005ED247 /* LaunchScreen.storyboard */ = {
			isa = PBXVariantGroup;
			children = (
				9B71ABEF28CA2E3E005ED247 /* Base */,
			);
			name = LaunchScreen.storyboard;
			sourceTree = "<group>";
		};
/* End PBXVariantGroup section */

/* Begin XCBuildConfiguration section */
		9B71AC0828CA2E3E005ED247 /* Debug */ = {
			isa = XCBuildConfiguration;
			buildSettings = {
				ALWAYS_SEARCH_USER_PATHS = NO;
				CLANG_ANALYZER_NONNULL = YES;
				CLANG_ANALYZER_NUMBER_OBJECT_CONVERSION = YES_AGGRESSIVE;
				CLANG_CXX_LANGUAGE_STANDARD = "gnu++17";
				CLANG_CXX_LIBRARY = "libc++";
				CLANG_ENABLE_MODULES = YES;
				CLANG_ENABLE_OBJC_ARC = YES;
				CLANG_ENABLE_OBJC_WEAK = YES;
				CLANG_WARN_BLOCK_CAPTURE_AUTORELEASING = YES;
				CLANG_WARN_BOOL_CONVERSION = YES;
				CLANG_WARN_COMMA = YES;
				CLANG_WARN_CONSTANT_CONVERSION = YES;
				CLANG_WARN_DEPRECATED_OBJC_IMPLEMENTATIONS = YES;
				CLANG_WARN_DIRECT_OBJC_ISA_USAGE = YES_ERROR;
				CLANG_WARN_DOCUMENTATION_COMMENTS = YES;
				CLANG_WARN_EMPTY_BODY = YES;
				CLANG_WARN_ENUM_CONVERSION = YES;
				CLANG_WARN_INFINITE_RECURSION = YES;
				CLANG_WARN_INT_CONVERSION = YES;
				CLANG_WARN_NON_LITERAL_NULL_CONVERSION = YES;
				CLANG_WARN_OBJC_IMPLICIT_RETAIN_SELF = YES;
				CLANG_WARN_OBJC_LITERAL_CONVERSION = YES;
				CLANG_WARN_OBJC_ROOT_CLASS = YES_ERROR;
				CLANG_WARN_QUOTED_INCLUDE_IN_FRAMEWORK_HEADER = YES;
				CLANG_WARN_RANGE_LOOP_ANALYSIS = YES;
				CLANG_WARN_STRICT_PROTOTYPES = YES;
				CLANG_WARN_SUSPICIOUS_MOVE = YES;
				CLANG_WARN_UNGUARDED_AVAILABILITY = YES_AGGRESSIVE;
				CLANG_WARN_UNREACHABLE_CODE = YES;
				CLANG_WARN__DUPLICATE_METHOD_MATCH = YES;
				COPY_PHASE_STRIP = NO;
				DEBUG_INFORMATION_FORMAT = dwarf;
				ENABLE_STRICT_OBJC_MSGSEND = YES;
				ENABLE_TESTABILITY = YES;
				GCC_C_LANGUAGE_STANDARD = gnu11;
				GCC_DYNAMIC_NO_PIC = NO;
				GCC_NO_COMMON_BLOCKS = YES;
				GCC_OPTIMIZATION_LEVEL = 0;
				GCC_PREPROCESSOR_DEFINITIONS = (
					"DEBUG=1",
					"$(inherited)",
				);
				GCC_WARN_64_TO_32_BIT_CONVERSION = YES;
				GCC_WARN_ABOUT_RETURN_TYPE = YES_ERROR;
				GCC_WARN_UNDECLARED_SELECTOR = YES;
				GCC_WARN_UNINITIALIZED_AUTOS = YES_AGGRESSIVE;
				GCC_WARN_UNUSED_FUNCTION = YES;
				GCC_WARN_UNUSED_VARIABLE = YES;
				IPHONEOS_DEPLOYMENT_TARGET = 15.0;
				MTL_ENABLE_DEBUG_INFO = INCLUDE_SOURCE;
				MTL_FAST_MATH = YES;
				ONLY_ACTIVE_ARCH = YES;
				SDKROOT = iphoneos;
				SWIFT_ACTIVE_COMPILATION_CONDITIONS = DEBUG;
				SWIFT_OPTIMIZATION_LEVEL = "-Onone";
			};
			name = Debug;
		};
		9B71AC0928CA2E3E005ED247 /* Release */ = {
			isa = XCBuildConfiguration;
			buildSettings = {
				ALWAYS_SEARCH_USER_PATHS = NO;
				CLANG_ANALYZER_NONNULL = YES;
				CLANG_ANALYZER_NUMBER_OBJECT_CONVERSION = YES_AGGRESSIVE;
				CLANG_CXX_LANGUAGE_STANDARD = "gnu++17";
				CLANG_CXX_LIBRARY = "libc++";
				CLANG_ENABLE_MODULES = YES;
				CLANG_ENABLE_OBJC_ARC = YES;
				CLANG_ENABLE_OBJC_WEAK = YES;
				CLANG_WARN_BLOCK_CAPTURE_AUTORELEASING = YES;
				CLANG_WARN_BOOL_CONVERSION = YES;
				CLANG_WARN_COMMA = YES;
				CLANG_WARN_CONSTANT_CONVERSION = YES;
				CLANG_WARN_DEPRECATED_OBJC_IMPLEMENTATIONS = YES;
				CLANG_WARN_DIRECT_OBJC_ISA_USAGE = YES_ERROR;
				CLANG_WARN_DOCUMENTATION_COMMENTS = YES;
				CLANG_WARN_EMPTY_BODY = YES;
				CLANG_WARN_ENUM_CONVERSION = YES;
				CLANG_WARN_INFINITE_RECURSION = YES;
				CLANG_WARN_INT_CONVERSION = YES;
				CLANG_WARN_NON_LITERAL_NULL_CONVERSION = YES;
				CLANG_WARN_OBJC_IMPLICIT_RETAIN_SELF = YES;
				CLANG_WARN_OBJC_LITERAL_CONVERSION = YES;
				CLANG_WARN_OBJC_ROOT_CLASS = YES_ERROR;
				CLANG_WARN_QUOTED_INCLUDE_IN_FRAMEWORK_HEADER = YES;
				CLANG_WARN_RANGE_LOOP_ANALYSIS = YES;
				CLANG_WARN_STRICT_PROTOTYPES = YES;
				CLANG_WARN_SUSPICIOUS_MOVE = YES;
				CLANG_WARN_UNGUARDED_AVAILABILITY = YES_AGGRESSIVE;
				CLANG_WARN_UNREACHABLE_CODE = YES;
				CLANG_WARN__DUPLICATE_METHOD_MATCH = YES;
				COPY_PHASE_STRIP = NO;
				DEBUG_INFORMATION_FORMAT = "dwarf-with-dsym";
				ENABLE_NS_ASSERTIONS = NO;
				ENABLE_STRICT_OBJC_MSGSEND = YES;
				GCC_C_LANGUAGE_STANDARD = gnu11;
				GCC_NO_COMMON_BLOCKS = YES;
				GCC_WARN_64_TO_32_BIT_CONVERSION = YES;
				GCC_WARN_ABOUT_RETURN_TYPE = YES_ERROR;
				GCC_WARN_UNDECLARED_SELECTOR = YES;
				GCC_WARN_UNINITIALIZED_AUTOS = YES_AGGRESSIVE;
				GCC_WARN_UNUSED_FUNCTION = YES;
				GCC_WARN_UNUSED_VARIABLE = YES;
				IPHONEOS_DEPLOYMENT_TARGET = 15.0;
				MTL_ENABLE_DEBUG_INFO = NO;
				MTL_FAST_MATH = YES;
				SDKROOT = iphoneos;
				SWIFT_COMPILATION_MODE = wholemodule;
				SWIFT_OPTIMIZATION_LEVEL = "-O";
				VALIDATE_PRODUCT = YES;
			};
			name = Release;
		};
		9B71AC0B28CA2E3E005ED247 /* Debug */ = {
			isa = XCBuildConfiguration;
			buildSettings = {
				ASSETCATALOG_COMPILER_APPICON_NAME = AppIcon;
				ASSETCATALOG_COMPILER_GLOBAL_ACCENT_COLOR_NAME = AccentColor;
				CODE_SIGN_STYLE = Automatic;
				CURRENT_PROJECT_VERSION = 1;
				DEVELOPMENT_TEAM = 577SG3C42S;
				GENERATE_INFOPLIST_FILE = YES;
				INFOPLIST_FILE = AcornDemo/Info.plist;
				INFOPLIST_KEY_UIApplicationSupportsIndirectInputEvents = YES;
				INFOPLIST_KEY_UILaunchStoryboardName = LaunchScreen;
				INFOPLIST_KEY_UIMainStoryboardFile = Main;
				INFOPLIST_KEY_UISupportedInterfaceOrientations_iPad = "UIInterfaceOrientationPortrait UIInterfaceOrientationPortraitUpsideDown UIInterfaceOrientationLandscapeLeft UIInterfaceOrientationLandscapeRight";
				INFOPLIST_KEY_UISupportedInterfaceOrientations_iPhone = "UIInterfaceOrientationPortrait UIInterfaceOrientationLandscapeLeft UIInterfaceOrientationLandscapeRight";
				LD_RUNPATH_SEARCH_PATHS = (
					"$(inherited)",
					"@executable_path/Frameworks",
				);
				MARKETING_VERSION = 1.0;
				PRODUCT_BUNDLE_IDENTIFIER = soyeong.AcornDemo;
				PRODUCT_NAME = "$(TARGET_NAME)";
				SWIFT_EMIT_LOC_STRINGS = YES;
				SWIFT_VERSION = 5.0;
				TARGETED_DEVICE_FAMILY = "1,2";
			};
			name = Debug;
		};
		9B71AC0C28CA2E3E005ED247 /* Release */ = {
			isa = XCBuildConfiguration;
			buildSettings = {
				ASSETCATALOG_COMPILER_APPICON_NAME = AppIcon;
				ASSETCATALOG_COMPILER_GLOBAL_ACCENT_COLOR_NAME = AccentColor;
				CODE_SIGN_STYLE = Automatic;
				CURRENT_PROJECT_VERSION = 1;
				DEVELOPMENT_TEAM = 577SG3C42S;
				GENERATE_INFOPLIST_FILE = YES;
				INFOPLIST_FILE = AcornDemo/Info.plist;
				INFOPLIST_KEY_UIApplicationSupportsIndirectInputEvents = YES;
				INFOPLIST_KEY_UILaunchStoryboardName = LaunchScreen;
				INFOPLIST_KEY_UIMainStoryboardFile = Main;
				INFOPLIST_KEY_UISupportedInterfaceOrientations_iPad = "UIInterfaceOrientationPortrait UIInterfaceOrientationPortraitUpsideDown UIInterfaceOrientationLandscapeLeft UIInterfaceOrientationLandscapeRight";
				INFOPLIST_KEY_UISupportedInterfaceOrientations_iPhone = "UIInterfaceOrientationPortrait UIInterfaceOrientationLandscapeLeft UIInterfaceOrientationLandscapeRight";
				LD_RUNPATH_SEARCH_PATHS = (
					"$(inherited)",
					"@executable_path/Frameworks",
				);
				MARKETING_VERSION = 1.0;
				PRODUCT_BUNDLE_IDENTIFIER = soyeong.AcornDemo;
				PRODUCT_NAME = "$(TARGET_NAME)";
				SWIFT_EMIT_LOC_STRINGS = YES;
				SWIFT_VERSION = 5.0;
				TARGETED_DEVICE_FAMILY = "1,2";
			};
			name = Release;
		};
		9B71AC0E28CA2E3E005ED247 /* Debug */ = {
			isa = XCBuildConfiguration;
			buildSettings = {
				ALWAYS_EMBED_SWIFT_STANDARD_LIBRARIES = YES;
				BUNDLE_LOADER = "$(TEST_HOST)";
				CODE_SIGN_STYLE = Automatic;
				CURRENT_PROJECT_VERSION = 1;
				DEVELOPMENT_TEAM = 577SG3C42S;
				GENERATE_INFOPLIST_FILE = YES;
				IPHONEOS_DEPLOYMENT_TARGET = 15.0;
				LD_RUNPATH_SEARCH_PATHS = (
					"$(inherited)",
					"@executable_path/Frameworks",
					"@loader_path/Frameworks",
				);
				MARKETING_VERSION = 1.0;
				PRODUCT_BUNDLE_IDENTIFIER = soyeong.AcornDemoTests;
				PRODUCT_NAME = "$(TARGET_NAME)";
				SWIFT_EMIT_LOC_STRINGS = NO;
				SWIFT_VERSION = 5.0;
				TARGETED_DEVICE_FAMILY = "1,2";
				TEST_HOST = "$(BUILT_PRODUCTS_DIR)/AcornDemo.app/AcornDemo";
			};
			name = Debug;
		};
		9B71AC0F28CA2E3E005ED247 /* Release */ = {
			isa = XCBuildConfiguration;
			buildSettings = {
				ALWAYS_EMBED_SWIFT_STANDARD_LIBRARIES = YES;
				BUNDLE_LOADER = "$(TEST_HOST)";
				CODE_SIGN_STYLE = Automatic;
				CURRENT_PROJECT_VERSION = 1;
				DEVELOPMENT_TEAM = 577SG3C42S;
				GENERATE_INFOPLIST_FILE = YES;
				IPHONEOS_DEPLOYMENT_TARGET = 15.0;
				LD_RUNPATH_SEARCH_PATHS = (
					"$(inherited)",
					"@executable_path/Frameworks",
					"@loader_path/Frameworks",
				);
				MARKETING_VERSION = 1.0;
				PRODUCT_BUNDLE_IDENTIFIER = soyeong.AcornDemoTests;
				PRODUCT_NAME = "$(TARGET_NAME)";
				SWIFT_EMIT_LOC_STRINGS = NO;
				SWIFT_VERSION = 5.0;
				TARGETED_DEVICE_FAMILY = "1,2";
				TEST_HOST = "$(BUILT_PRODUCTS_DIR)/AcornDemo.app/AcornDemo";
			};
			name = Release;
		};
		9B71AC1128CA2E3E005ED247 /* Debug */ = {
			isa = XCBuildConfiguration;
			buildSettings = {
				ALWAYS_EMBED_SWIFT_STANDARD_LIBRARIES = YES;
				CODE_SIGN_STYLE = Automatic;
				CURRENT_PROJECT_VERSION = 1;
				DEVELOPMENT_TEAM = 577SG3C42S;
				GENERATE_INFOPLIST_FILE = YES;
				LD_RUNPATH_SEARCH_PATHS = (
					"$(inherited)",
					"@executable_path/Frameworks",
					"@loader_path/Frameworks",
				);
				MARKETING_VERSION = 1.0;
				PRODUCT_BUNDLE_IDENTIFIER = soyeong.AcornDemoUITests;
				PRODUCT_NAME = "$(TARGET_NAME)";
				SWIFT_EMIT_LOC_STRINGS = NO;
				SWIFT_VERSION = 5.0;
				TARGETED_DEVICE_FAMILY = "1,2";
				TEST_TARGET_NAME = AcornDemo;
			};
			name = Debug;
		};
		9B71AC1228CA2E3E005ED247 /* Release */ = {
			isa = XCBuildConfiguration;
			buildSettings = {
				ALWAYS_EMBED_SWIFT_STANDARD_LIBRARIES = YES;
				CODE_SIGN_STYLE = Automatic;
				CURRENT_PROJECT_VERSION = 1;
				DEVELOPMENT_TEAM = 577SG3C42S;
				GENERATE_INFOPLIST_FILE = YES;
				LD_RUNPATH_SEARCH_PATHS = (
					"$(inherited)",
					"@executable_path/Frameworks",
					"@loader_path/Frameworks",
				);
				MARKETING_VERSION = 1.0;
				PRODUCT_BUNDLE_IDENTIFIER = soyeong.AcornDemoUITests;
				PRODUCT_NAME = "$(TARGET_NAME)";
				SWIFT_EMIT_LOC_STRINGS = NO;
				SWIFT_VERSION = 5.0;
				TARGETED_DEVICE_FAMILY = "1,2";
				TEST_TARGET_NAME = AcornDemo;
			};
			name = Release;
		};
/* End XCBuildConfiguration section */

/* Begin XCConfigurationList section */
		9B71ABDB28CA2E3A005ED247 /* Build configuration list for PBXProject "AcornDemo" */ = {
			isa = XCConfigurationList;
			buildConfigurations = (
				9B71AC0828CA2E3E005ED247 /* Debug */,
				9B71AC0928CA2E3E005ED247 /* Release */,
			);
			defaultConfigurationIsVisible = 0;
			defaultConfigurationName = Release;
		};
		9B71AC0A28CA2E3E005ED247 /* Build configuration list for PBXNativeTarget "AcornDemo" */ = {
			isa = XCConfigurationList;
			buildConfigurations = (
				9B71AC0B28CA2E3E005ED247 /* Debug */,
				9B71AC0C28CA2E3E005ED247 /* Release */,
			);
			defaultConfigurationIsVisible = 0;
			defaultConfigurationName = Release;
		};
		9B71AC0D28CA2E3E005ED247 /* Build configuration list for PBXNativeTarget "AcornDemoTests" */ = {
			isa = XCConfigurationList;
			buildConfigurations = (
				9B71AC0E28CA2E3E005ED247 /* Debug */,
				9B71AC0F28CA2E3E005ED247 /* Release */,
			);
			defaultConfigurationIsVisible = 0;
			defaultConfigurationName = Release;
		};
		9B71AC1028CA2E3E005ED247 /* Build configuration list for PBXNativeTarget "AcornDemoUITests" */ = {
			isa = XCConfigurationList;
			buildConfigurations = (
				9B71AC1128CA2E3E005ED247 /* Debug */,
				9B71AC1228CA2E3E005ED247 /* Release */,
			);
			defaultConfigurationIsVisible = 0;
			defaultConfigurationName = Release;
		};
/* End XCConfigurationList section */
	};
	rootObject = 9B71ABD828CA2E3A005ED247 /* Project object */;
}
